github.com/go-ini/ini v1.66.4 h1:dKjMqkcbkzfddhIhyglTPgMoJnkvmG+bSLrU9cTHc5M=
github.com/go-ini/ini v1.66.4/go.mod h1:ByCAeIL28uOIIG0E3PJtZPDL8WnHpFKFOtgjp+3Ies8=
github.com/go-zoox/tag v1.0.0 h1:HNO2bJrJfFHgrbGtghMCw+s5bKpxVKqo9elGa8dDoqg=
github.com/go-zoox/tag v1.0.0/go.mod h1:TNFY+IN6FgsD0KGV6mrnuVXONUq7zpH01k53BcNsT8k=
github.com/go-zoox/tag v1.0.2 h1:vmNRPftu2rN+SLkA/iMd8zImUIj6zIteAfxlO1PX9rg=
github.com/go-zoox/tag v1.0.2/go.mod h1:TNFY+IN6FgsD0KGV6mrnuVXONUq7zpH01k53BcNsT8k=
